
Microsoft Visual Studio Solution File, Format Version 12.00
# Visual Studio Version 16
VisualStudioVersion = 16.0.32106.194
MinimumVisualStudioVersion = 10.0.40219.1
Project("{FAE04EC0-301F-11D3-BF4B-00C04F79EFBC}") = "TagRooms", "TagRooms\TagRooms.csproj", "{7919D832-B8A7-49CC-BAE4-207D3FC2AEBF}"
EndProject
Global
	GlobalSection(SolutionConfigurationPlatforms) = preSolution
		Debug|Any CPU = Debug|Any CPU
		Release|Any CPU = Release|Any CPU
	EndGlobalSection
	GlobalSection(ProjectConfigurationPlatforms) = postSolution
		{7919D832-B8A7-49CC-BAE4-207D3FC2AEBF}.Debug|Any CPU.ActiveCfg = Debug|Any CPU
		{7919D832-B8A7-49CC-BAE4-207D3FC2AEBF}.Debug|Any CPU.Build.0 = Debug|Any CPU
		{7919D832-B8A7-49CC-BAE4-207D3FC2AEBF}.Release|Any CPU.ActiveCfg = Release|Any CPU
		{7919D832-B8A7-49CC-BAE4-207D3FC2AEBF}.Release|Any CPU.Build.0 = Release|Any CPU
	EndGlobalSection
	GlobalSection(SolutionProperties) = preSolution
		HideSolutionNode = FALSE
	EndGlobalSection
	GlobalSection(ExtensibilityGlobals) = postSolution
		SolutionGuid = {0DEC428F-B8B3-4AAA-A2BE-A5ECF166FF21}
	EndGlobalSection
EndGlobal
